
Microsoft Visual Studio Solution File, Format Version 12.00
# Visual Studio Version 17
VisualStudioVersion = 17.8.34511.84
MinimumVisualStudioVersion = 10.0.40219.1
Project("{FAE04EC0-301F-11D3-BF4B-00C04F79EFBC}") = "Ath-Thoyyibah_BE", "Ath-Thoyyibah_BE.csproj", "{B1BEF6C0-32CA-43B2-A517-BB63CF636603}"
EndProject
Global
	GlobalSection(SolutionConfigurationPlatforms) = preSolution
		Debug|Any CPU = Debug|Any CPU
		Release|Any CPU = Release|Any CPU
	EndGlobalSection
	GlobalSection(ProjectConfigurationPlatforms) = postSolution
		{B1BEF6C0-32CA-43B2-A517-BB63CF636603}.Debug|Any CPU.ActiveCfg = Debug|Any CPU
		{B1BEF6C0-32CA-43B2-A517-BB63CF636603}.Debug|Any CPU.Build.0 = Debug|Any CPU
		{B1BEF6C0-32CA-43B2-A517-BB63CF636603}.Release|Any CPU.ActiveCfg = Release|Any CPU
		{B1BEF6C0-32CA-43B2-A517-BB63CF636603}.Release|Any CPU.Build.0 = Release|Any CPU
	EndGlobalSection
	GlobalSection(SolutionProperties) = preSolution
		HideSolutionNode = FALSE
	EndGlobalSection
	GlobalSection(ExtensibilityGlobals) = postSolution
		SolutionGuid = {8693D64E-6E1F-4FC2-A6EB-566BB344C0C7}
	EndGlobalSection
EndGlobal
